
Microsoft Visual Studio Solution File, Format Version 12.00
# Visual Studio Version 17
VisualStudioVersion = 17.5.33318.248
MinimumVisualStudioVersion = 10.0.40219.1
Project("{9A19103F-16F7-4668-BE54-9A1E7A4F7556}") = "Console", "Console\Console.csproj", "{3E84A890-08CA-4D94-B2FC-C58EC69E0511}"
EndProject
Project("{9A19103F-16F7-4668-BE54-9A1E7A4F7556}") = "Domain", "Lib\Domain.csproj", "{06E0F4CF-1806-4C7E-B8F9-0F35408E83FE}"
EndProject
Project("{9A19103F-16F7-4668-BE54-9A1E7A4F7556}") = "LibPlayground", "LibPlayground\LibPlayground.csproj", "{5DD48FB8-DE8B-4D27-A333-A32E2DB50E85}"
EndProject
Project("{FAE04EC0-301F-11D3-BF4B-00C04F79EFBC}") = "DatabaseLib", "DatabaseLib\DatabaseLib.csproj", "{1A3D9E72-E3D4-4661-B72F-1DB082F92025}"
EndProject
Global
	GlobalSection(SolutionConfigurationPlatforms) = preSolution
		Debug|Any CPU = Debug|Any CPU
		Release|Any CPU = Release|Any CPU
	EndGlobalSection
	GlobalSection(ProjectConfigurationPlatforms) = postSolution
		{3E84A890-08CA-4D94-B2FC-C58EC69E0511}.Debug|Any CPU.ActiveCfg = Debug|Any CPU
		{3E84A890-08CA-4D94-B2FC-C58EC69E0511}.Debug|Any CPU.Build.0 = Debug|Any CPU
		{3E84A890-08CA-4D94-B2FC-C58EC69E0511}.Release|Any CPU.ActiveCfg = Release|Any CPU
		{3E84A890-08CA-4D94-B2FC-C58EC69E0511}.Release|Any CPU.Build.0 = Release|Any CPU
		{06E0F4CF-1806-4C7E-B8F9-0F35408E83FE}.Debug|Any CPU.ActiveCfg = Debug|Any CPU
		{06E0F4CF-1806-4C7E-B8F9-0F35408E83FE}.Debug|Any CPU.Build.0 = Debug|Any CPU
		{06E0F4CF-1806-4C7E-B8F9-0F35408E83FE}.Release|Any CPU.ActiveCfg = Release|Any CPU
		{06E0F4CF-1806-4C7E-B8F9-0F35408E83FE}.Release|Any CPU.Build.0 = Release|Any CPU
		{5DD48FB8-DE8B-4D27-A333-A32E2DB50E85}.Debug|Any CPU.ActiveCfg = Debug|Any CPU
		{5DD48FB8-DE8B-4D27-A333-A32E2DB50E85}.Debug|Any CPU.Build.0 = Debug|Any CPU
		{5DD48FB8-DE8B-4D27-A333-A32E2DB50E85}.Release|Any CPU.ActiveCfg = Release|Any CPU
		{5DD48FB8-DE8B-4D27-A333-A32E2DB50E85}.Release|Any CPU.Build.0 = Release|Any CPU
		{1A3D9E72-E3D4-4661-B72F-1DB082F92025}.Debug|Any CPU.ActiveCfg = Debug|Any CPU
		{1A3D9E72-E3D4-4661-B72F-1DB082F92025}.Debug|Any CPU.Build.0 = Debug|Any CPU
		{1A3D9E72-E3D4-4661-B72F-1DB082F92025}.Release|Any CPU.ActiveCfg = Release|Any CPU
		{1A3D9E72-E3D4-4661-B72F-1DB082F92025}.Release|Any CPU.Build.0 = Release|Any CPU
	EndGlobalSection
	GlobalSection(SolutionProperties) = preSolution
		HideSolutionNode = FALSE
	EndGlobalSection
	GlobalSection(ExtensibilityGlobals) = postSolution
		SolutionGuid = {0BD3943A-C381-43D3-B4F0-CE2C921936C2}
	EndGlobalSection
EndGlobal
